
Microsoft Visual Studio Solution File, Format Version 12.00
# Visual Studio Version 17
VisualStudioVersion = 17.5.33424.131
MinimumVisualStudioVersion = 10.0.40219.1
Project("{8BC9CEB8-8B4A-11D0-8D11-00A0C91BC942}") = "debug_test", "debug_test\debug_test.vcxproj", "{DC933D44-04BA-46F0-AF4F-651D026617CD}"
EndProject
Global
	GlobalSection(SolutionConfigurationPlatforms) = preSolution
		Debug|x64 = Debug|x64
		Debug|x86 = Debug|x86
		Release|x64 = Release|x64
		Release|x86 = Release|x86
	EndGlobalSection
	GlobalSection(ProjectConfigurationPlatforms) = postSolution
		{DC933D44-04BA-46F0-AF4F-651D026617CD}.Debug|x64.ActiveCfg = Debug|x64
		{DC933D44-04BA-46F0-AF4F-651D026617CD}.Debug|x64.Build.0 = Debug|x64
		{DC933D44-04BA-46F0-AF4F-651D026617CD}.Debug|x86.ActiveCfg = Debug|Win32
		{DC933D44-04BA-46F0-AF4F-651D026617CD}.Debug|x86.Build.0 = Debug|Win32
		{DC933D44-04BA-46F0-AF4F-651D026617CD}.Release|x64.ActiveCfg = Release|x64
		{DC933D44-04BA-46F0-AF4F-651D026617CD}.Release|x64.Build.0 = Release|x64
		{DC933D44-04BA-46F0-AF4F-651D026617CD}.Release|x86.ActiveCfg = Release|Win32
		{DC933D44-04BA-46F0-AF4F-651D026617CD}.Release|x86.Build.0 = Release|Win32
	EndGlobalSection
	GlobalSection(SolutionProperties) = preSolution
		HideSolutionNode = FALSE
	EndGlobalSection
	GlobalSection(ExtensibilityGlobals) = postSolution
		SolutionGuid = {5EF0A287-21AC-425A-8D72-EB15FCBE44FF}
	EndGlobalSection
EndGlobal
